
Microsoft Visual Studio Solution File, Format Version 12.00
# Visual Studio Version 17
VisualStudioVersion = 17.8.34330.188
MinimumVisualStudioVersion = 10.0.40219.1
Project("{FAE04EC0-301F-11D3-BF4B-00C04F79EFBC}") = "HomeworkConditionalStatement", "HomeworkConditionalStatement\HomeworkConditionalStatement.csproj", "{B11029BF-B4FD-4A97-A7C7-2D24D6EA1E14}"
EndProject
Global
	GlobalSection(SolutionConfigurationPlatforms) = preSolution
		Debug|Any CPU = Debug|Any CPU
		Release|Any CPU = Release|Any CPU
	EndGlobalSection
	GlobalSection(ProjectConfigurationPlatforms) = postSolution
		{B11029BF-B4FD-4A97-A7C7-2D24D6EA1E14}.Debug|Any CPU.ActiveCfg = Debug|Any CPU
		{B11029BF-B4FD-4A97-A7C7-2D24D6EA1E14}.Debug|Any CPU.Build.0 = Debug|Any CPU
		{B11029BF-B4FD-4A97-A7C7-2D24D6EA1E14}.Release|Any CPU.ActiveCfg = Release|Any CPU
		{B11029BF-B4FD-4A97-A7C7-2D24D6EA1E14}.Release|Any CPU.Build.0 = Release|Any CPU
	EndGlobalSection
	GlobalSection(SolutionProperties) = preSolution
		HideSolutionNode = FALSE
	EndGlobalSection
	GlobalSection(ExtensibilityGlobals) = postSolution
		SolutionGuid = {3EC9D8E5-ADBD-4234-BB30-E38425A77BA6}
	EndGlobalSection
EndGlobal
